
Microsoft Visual Studio Solution File, Format Version 12.00
# Visual Studio 15
VisualStudioVersion = 15.0.28307.489
MinimumVisualStudioVersion = 10.0.40219.1
Project("{FAE04EC0-301F-11D3-BF4B-00C04F79EFBC}") = "ServerTestApp", "ServerTestApp\ServerTestApp.csproj", "{07B94DF5-C1A9-4296-9962-74CFC4D0BE67}"
EndProject
Project("{FAE04EC0-301F-11D3-BF4B-00C04F79EFBC}") = "ClientTestApp", "ClientTestApp\ClientTestApp.csproj", "{2DB66F13-98D0-43B0-BE09-7CB0CB2B8D1C}"
EndProject
Project("{FAE04EC0-301F-11D3-BF4B-00C04F79EFBC}") = "Server_config", "Server_config\Server_config.csproj", "{839AFF9B-F3D9-4E6A-91B4-D1FC18B1B066}"
EndProject
Project("{FAE04EC0-301F-11D3-BF4B-00C04F79EFBC}") = "Client_config", "Client_config\Client_config.csproj", "{D0E8B684-8A06-4518-8A03-715DD861CD4A}"
EndProject
Global
	GlobalSection(SolutionConfigurationPlatforms) = preSolution
		Debug|Any CPU = Debug|Any CPU
		Release|Any CPU = Release|Any CPU
	EndGlobalSection
	GlobalSection(ProjectConfigurationPlatforms) = postSolution
		{07B94DF5-C1A9-4296-9962-74CFC4D0BE67}.Debug|Any CPU.ActiveCfg = Debug|Any CPU
		{07B94DF5-C1A9-4296-9962-74CFC4D0BE67}.Debug|Any CPU.Build.0 = Debug|Any CPU
		{07B94DF5-C1A9-4296-9962-74CFC4D0BE67}.Release|Any CPU.ActiveCfg = Release|Any CPU
		{07B94DF5-C1A9-4296-9962-74CFC4D0BE67}.Release|Any CPU.Build.0 = Release|Any CPU
		{2DB66F13-98D0-43B0-BE09-7CB0CB2B8D1C}.Debug|Any CPU.ActiveCfg = Debug|Any CPU
		{2DB66F13-98D0-43B0-BE09-7CB0CB2B8D1C}.Debug|Any CPU.Build.0 = Debug|Any CPU
		{2DB66F13-98D0-43B0-BE09-7CB0CB2B8D1C}.Release|Any CPU.ActiveCfg = Release|Any CPU
		{2DB66F13-98D0-43B0-BE09-7CB0CB2B8D1C}.Release|Any CPU.Build.0 = Release|Any CPU
		{839AFF9B-F3D9-4E6A-91B4-D1FC18B1B066}.Debug|Any CPU.ActiveCfg = Debug|Any CPU
		{839AFF9B-F3D9-4E6A-91B4-D1FC18B1B066}.Debug|Any CPU.Build.0 = Debug|Any CPU
		{839AFF9B-F3D9-4E6A-91B4-D1FC18B1B066}.Release|Any CPU.ActiveCfg = Release|Any CPU
		{839AFF9B-F3D9-4E6A-91B4-D1FC18B1B066}.Release|Any CPU.Build.0 = Release|Any CPU
		{D0E8B684-8A06-4518-8A03-715DD861CD4A}.Debug|Any CPU.ActiveCfg = Debug|Any CPU
		{D0E8B684-8A06-4518-8A03-715DD861CD4A}.Debug|Any CPU.Build.0 = Debug|Any CPU
		{D0E8B684-8A06-4518-8A03-715DD861CD4A}.Release|Any CPU.ActiveCfg = Release|Any CPU
		{D0E8B684-8A06-4518-8A03-715DD861CD4A}.Release|Any CPU.Build.0 = Release|Any CPU
	EndGlobalSection
	GlobalSection(SolutionProperties) = preSolution
		HideSolutionNode = FALSE
	EndGlobalSection
	GlobalSection(ExtensibilityGlobals) = postSolution
		SolutionGuid = {D2BB0CB5-F55E-4383-845D-BEC5C8053CC7}
	EndGlobalSection
EndGlobal
